
Microsoft Visual Studio Solution File, Format Version 12.00
# Visual Studio 15
VisualStudioVersion = 15.0.28307.489
MinimumVisualStudioVersion = 10.0.40219.1
Project("{FAE04EC0-301F-11D3-BF4B-00C04F79EFBC}") = "PodmianaObrazka.Android", "PodmianaObrazka\PodmianaObrazka.Android\PodmianaObrazka.Android.csproj", "{CB6F38D3-5A1E-420F-AA28-0DEF1D7CC626}"
EndProject
Project("{FAE04EC0-301F-11D3-BF4B-00C04F79EFBC}") = "PodmianaObrazka.iOS", "PodmianaObrazka\PodmianaObrazka.iOS\PodmianaObrazka.iOS.csproj", "{CBF020AB-F9FC-43AF-BBA2-A2A111669826}"
EndProject
Project("{FAE04EC0-301F-11D3-BF4B-00C04F79EFBC}") = "PodmianaObrazka.UWP", "PodmianaObrazka\PodmianaObrazka.UWP\PodmianaObrazka.UWP.csproj", "{76535050-920F-4398-8363-BE0CE3D9C626}"
EndProject
Project("{FAE04EC0-301F-11D3-BF4B-00C04F79EFBC}") = "PodmianaObrazka", "PodmianaObrazka\PodmianaObrazka\PodmianaObrazka.csproj", "{BC1EB64F-1737-47AE-AA1B-510EF4C64D27}"
EndProject
Global
	GlobalSection(SolutionConfigurationPlatforms) = preSolution
		Ad-Hoc|Any CPU = Ad-Hoc|Any CPU
		Ad-Hoc|ARM = Ad-Hoc|ARM
		Ad-Hoc|iPhone = Ad-Hoc|iPhone
		Ad-Hoc|iPhoneSimulator = Ad-Hoc|iPhoneSimulator
		Ad-Hoc|x64 = Ad-Hoc|x64
		Ad-Hoc|x86 = Ad-Hoc|x86
		AppStore|Any CPU = AppStore|Any CPU
		AppStore|ARM = AppStore|ARM
		AppStore|iPhone = AppStore|iPhone
		AppStore|iPhoneSimulator = AppStore|iPhoneSimulator
		AppStore|x64 = AppStore|x64
		AppStore|x86 = AppStore|x86
		Debug|Any CPU = Debug|Any CPU
		Debug|ARM = Debug|ARM
		Debug|iPhone = Debug|iPhone
		Debug|iPhoneSimulator = Debug|iPhoneSimulator
		Debug|x64 = Debug|x64
		Debug|x86 = Debug|x86
		Release|Any CPU = Release|Any CPU
		Release|ARM = Release|ARM
		Release|iPhone = Release|iPhone
		Release|iPhoneSimulator = Release|iPhoneSimulator
		Release|x64 = Release|x64
		Release|x86 = Release|x86
	EndGlobalSection
	GlobalSection(ProjectConfigurationPlatforms) = postSolution
		{CB6F38D3-5A1E-420F-AA28-0DEF1D7CC626}.Ad-Hoc|Any CPU.ActiveCfg = Release|Any CPU
		{CB6F38D3-5A1E-420F-AA28-0DEF1D7CC626}.Ad-Hoc|Any CPU.Build.0 = Release|Any CPU
		{CB6F38D3-5A1E-420F-AA28-0DEF1D7CC626}.Ad-Hoc|Any CPU.Deploy.0 = Release|Any CPU
		{CB6F38D3-5A1E-420F-AA28-0DEF1D7CC626}.Ad-Hoc|ARM.ActiveCfg = Release|Any CPU
		{CB6F38D3-5A1E-420F-AA28-0DEF1D7CC626}.Ad-Hoc|ARM.Build.0 = Release|Any CPU
		{CB6F38D3-5A1E-420F-AA28-0DEF1D7CC626}.Ad-Hoc|ARM.Deploy.0 = Release|Any CPU
		{CB6F38D3-5A1E-420F-AA28-0DEF1D7CC626}.Ad-Hoc|iPhone.ActiveCfg = Release|Any CPU
		{CB6F38D3-5A1E-420F-AA28-0DEF1D7CC626}.Ad-Hoc|iPhone.Build.0 = Release|Any CPU
		{CB6F38D3-5A1E-420F-AA28-0DEF1D7CC626}.Ad-Hoc|iPhone.Deploy.0 = Release|Any CPU
		{CB6F38D3-5A1E-420F-AA28-0DEF1D7CC626}.Ad-Hoc|iPhoneSimulator.ActiveCfg = Release|Any CPU
		{CB6F38D3-5A1E-420F-AA28-0DEF1D7CC626}.Ad-Hoc|iPhoneSimulator.Build.0 = Release|Any CPU
		{CB6F38D3-5A1E-420F-AA28-0DEF1D7CC626}.Ad-Hoc|iPhoneSimulator.Deploy.0 = Release|Any CPU
		{CB6F38D3-5A1E-420F-AA28-0DEF1D7CC626}.Ad-Hoc|x64.ActiveCfg = Release|Any CPU
		{CB6F38D3-5A1E-420F-AA28-0DEF1D7CC626}.Ad-Hoc|x64.Build.0 = Release|Any CPU
		{CB6F38D3-5A1E-420F-AA28-0DEF1D7CC626}.Ad-Hoc|x64.Deploy.0 = Release|Any CPU
		{CB6F38D3-5A1E-420F-AA28-0DEF1D7CC626}.Ad-Hoc|x86.ActiveCfg = Release|Any CPU
		{CB6F38D3-5A1E-420F-AA28-0DEF1D7CC626}.Ad-Hoc|x86.Build.0 = Release|Any CPU
		{CB6F38D3-5A1E-420F-AA28-0DEF1D7CC626}.Ad-Hoc|x86.Deploy.0 = Release|Any CPU
		{CB6F38D3-5A1E-420F-AA28-0DEF1D7CC626}.AppStore|Any CPU.ActiveCfg = Release|Any CPU
		{CB6F38D3-5A1E-420F-AA28-0DEF1D7CC626}.AppStore|Any CPU.Build.0 = Release|Any CPU
		{CB6F38D3-5A1E-420F-AA28-0DEF1D7CC626}.AppStore|Any CPU.Deploy.0 = Release|Any CPU
		{CB6F38D3-5A1E-420F-AA28-0DEF1D7CC626}.AppStore|ARM.ActiveCfg = Release|Any CPU
		{CB6F38D3-5A1E-420F-AA28-0DEF1D7CC626}.AppStore|ARM.Build.0 = Release|Any CPU
		{CB6F38D3-5A1E-420F-AA28-0DEF1D7CC626}.AppStore|ARM.Deploy.0 = Release|Any CPU
		{CB6F38D3-5A1E-420F-AA28-0DEF1D7CC626}.AppStore|iPhone.ActiveCfg = Release|Any CPU
		{CB6F38D3-5A1E-420F-AA28-0DEF1D7CC626}.AppStore|iPhone.Build.0 = Release|Any CPU
		{CB6F38D3-5A1E-420F-AA28-0DEF1D7CC626}.AppStore|iPhone.Deploy.0 = Release|Any CPU
		{CB6F38D3-5A1E-420F-AA28-0DEF1D7CC626}.AppStore|iPhoneSimulator.ActiveCfg = Release|Any CPU
		{CB6F38D3-5A1E-420F-AA28-0DEF1D7CC626}.AppStore|iPhoneSimulator.Build.0 = Release|Any CPU
		{CB6F38D3-5A1E-420F-AA28-0DEF1D7CC626}.AppStore|iPhoneSimulator.Deploy.0 = Release|Any CPU
		{CB6F38D3-5A1E-420F-AA28-0DEF1D7CC626}.AppStore|x64.ActiveCfg = Release|Any CPU
		{CB6F38D3-5A1E-420F-AA28-0DEF1D7CC626}.AppStore|x64.Build.0 = Release|Any CPU
		{CB6F38D3-5A1E-420F-AA28-0DEF1D7CC626}.AppStore|x64.Deploy.0 = Release|Any CPU
		{CB6F38D3-5A1E-420F-AA28-0DEF1D7CC626}.AppStore|x86.ActiveCfg = Release|Any CPU
		{CB6F38D3-5A1E-420F-AA28-0DEF1D7CC626}.AppStore|x86.Build.0 = Release|Any CPU
		{CB6F38D3-5A1E-420F-AA28-0DEF1D7CC626}.AppStore|x86.Deploy.0 = Release|Any CPU
		{CB6F38D3-5A1E-420F-AA28-0DEF1D7CC626}.Debug|Any CPU.ActiveCfg = Debug|Any CPU
		{CB6F38D3-5A1E-420F-AA28-0DEF1D7CC626}.Debug|Any CPU.Build.0 = Debug|Any CPU
		{CB6F38D3-5A1E-420F-AA28-0DEF1D7CC626}.Debug|Any CPU.Deploy.0 = Debug|Any CPU
		{CB6F38D3-5A1E-420F-AA28-0DEF1D7CC626}.Debug|ARM.ActiveCfg = Debug|Any CPU
		{CB6F38D3-5A1E-420F-AA28-0DEF1D7CC626}.Debug|ARM.Build.0 = Debug|Any CPU
		{CB6F38D3-5A1E-420F-AA28-0DEF1D7CC626}.Debug|ARM.Deploy.0 = Debug|Any CPU
		{CB6F38D3-5A1E-420F-AA28-0DEF1D7CC626}.Debug|iPhone.ActiveCfg = Debug|Any CPU
		{CB6F38D3-5A1E-420F-AA28-0DEF1D7CC626}.Debug|iPhone.Build.0 = Debug|Any CPU
		{CB6F38D3-5A1E-420F-AA28-0DEF1D7CC626}.Debug|iPhone.Deploy.0 = Debug|Any CPU
		{CB6F38D3-5A1E-420F-AA28-0DEF1D7CC626}.Debug|iPhoneSimulator.ActiveCfg = Debug|Any CPU
		{CB6F38D3-5A1E-420F-AA28-0DEF1D7CC626}.Debug|iPhoneSimulator.Build.0 = Debug|Any CPU
		{CB6F38D3-5A1E-420F-AA28-0DEF1D7CC626}.Debug|iPhoneSimulator.Deploy.0 = Debug|Any CPU
		{CB6F38D3-5A1E-420F-AA28-0DEF1D7CC626}.Debug|x64.ActiveCfg = Debug|Any CPU
		{CB6F38D3-5A1E-420F-AA28-0DEF1D7CC626}.Debug|x64.Build.0 = Debug|Any CPU
		{CB6F38D3-5A1E-420F-AA28-0DEF1D7CC626}.Debug|x64.Deploy.0 = Debug|Any CPU
		{CB6F38D3-5A1E-420F-AA28-0DEF1D7CC626}.Debug|x86.ActiveCfg = Debug|Any CPU
		{CB6F38D3-5A1E-420F-AA28-0DEF1D7CC626}.Debug|x86.Build.0 = Debug|Any CPU
		{CB6F38D3-5A1E-420F-AA28-0DEF1D7CC626}.Debug|x86.Deploy.0 = Debug|Any CPU
		{CB6F38D3-5A1E-420F-AA28-0DEF1D7CC626}.Release|Any CPU.ActiveCfg = Release|Any CPU
		{CB6F38D3-5A1E-420F-AA28-0DEF1D7CC626}.Release|Any CPU.Build.0 = Release|Any CPU
		{CB6F38D3-5A1E-420F-AA28-0DEF1D7CC626}.Release|Any CPU.Deploy.0 = Release|Any CPU
		{CB6F38D3-5A1E-420F-AA28-0DEF1D7CC626}.Release|ARM.ActiveCfg = Release|Any CPU
		{CB6F38D3-5A1E-420F-AA28-0DEF1D7CC626}.Release|ARM.Build.0 = Release|Any CPU
		{CB6F38D3-5A1E-420F-AA28-0DEF1D7CC626}.Release|ARM.Deploy.0 = Release|Any CPU
		{CB6F38D3-5A1E-420F-AA28-0DEF1D7CC626}.Release|iPhone.ActiveCfg = Release|Any CPU
		{CB6F38D3-5A1E-420F-AA28-0DEF1D7CC626}.Release|iPhone.Build.0 = Release|Any CPU
		{CB6F38D3-5A1E-420F-AA28-0DEF1D7CC626}.Release|iPhone.Deploy.0 = Release|Any CPU
		{CB6F38D3-5A1E-420F-AA28-0DEF1D7CC626}.Release|iPhoneSimulator.ActiveCfg = Release|Any CPU
		{CB6F38D3-5A1E-420F-AA28-0DEF1D7CC626}.Release|iPhoneSimulator.Build.0 = Release|Any CPU
		{CB6F38D3-5A1E-420F-AA28-0DEF1D7CC626}.Release|iPhoneSimulator.Deploy.0 = Release|Any CPU
		{CB6F38D3-5A1E-420F-AA28-0DEF1D7CC626}.Release|x64.ActiveCfg = Release|Any CPU
		{CB6F38D3-5A1E-420F-AA28-0DEF1D7CC626}.Release|x64.Build.0 = Release|Any CPU
		{CB6F38D3-5A1E-420F-AA28-0DEF1D7CC626}.Release|x64.Deploy.0 = Release|Any CPU
		{CB6F38D3-5A1E-420F-AA28-0DEF1D7CC626}.Release|x86.ActiveCfg = Release|Any CPU
		{CB6F38D3-5A1E-420F-AA28-0DEF1D7CC626}.Release|x86.Build.0 = Release|Any CPU
		{CB6F38D3-5A1E-420F-AA28-0DEF1D7CC626}.Release|x86.Deploy.0 = Release|Any CPU
		{CBF020AB-F9FC-43AF-BBA2-A2A111669826}.Ad-Hoc|Any CPU.ActiveCfg = Ad-Hoc|iPhone
		{CBF020AB-F9FC-43AF-BBA2-A2A111669826}.Ad-Hoc|Any CPU.Build.0 = Ad-Hoc|iPhone
		{CBF020AB-F9FC-43AF-BBA2-A2A111669826}.Ad-Hoc|Any CPU.Deploy.0 = Ad-Hoc|iPhone
		{CBF020AB-F9FC-43AF-BBA2-A2A111669826}.Ad-Hoc|ARM.ActiveCfg = Ad-Hoc|iPhone
		{CBF020AB-F9FC-43AF-BBA2-A2A111669826}.Ad-Hoc|ARM.Build.0 = Ad-Hoc|iPhone
		{CBF020AB-F9FC-43AF-BBA2-A2A111669826}.Ad-Hoc|ARM.Deploy.0 = Ad-Hoc|iPhone
		{CBF020AB-F9FC-43AF-BBA2-A2A111669826}.Ad-Hoc|iPhone.ActiveCfg = Ad-Hoc|iPhone
		{CBF020AB-F9FC-43AF-BBA2-A2A111669826}.Ad-Hoc|iPhone.Build.0 = Ad-Hoc|iPhone
		{CBF020AB-F9FC-43AF-BBA2-A2A111669826}.Ad-Hoc|iPhone.Deploy.0 = Ad-Hoc|iPhone
		{CBF020AB-F9FC-43AF-BBA2-A2A111669826}.Ad-Hoc|iPhoneSimulator.ActiveCfg = Ad-Hoc|iPhoneSimulator
		{CBF020AB-F9FC-43AF-BBA2-A2A111669826}.Ad-Hoc|iPhoneSimulator.Build.0 = Ad-Hoc|iPhoneSimulator
		{CBF020AB-F9FC-43AF-BBA2-A2A111669826}.Ad-Hoc|iPhoneSimulator.Deploy.0 = Ad-Hoc|iPhoneSimulator
		{CBF020AB-F9FC-43AF-BBA2-A2A111669826}.Ad-Hoc|x64.ActiveCfg = Ad-Hoc|iPhone
		{CBF020AB-F9FC-43AF-BBA2-A2A111669826}.Ad-Hoc|x64.Build.0 = Ad-Hoc|iPhone
		{CBF020AB-F9FC-43AF-BBA2-A2A111669826}.Ad-Hoc|x64.Deploy.0 = Ad-Hoc|iPhone
		{CBF020AB-F9FC-43AF-BBA2-A2A111669826}.Ad-Hoc|x86.ActiveCfg = Ad-Hoc|iPhone
		{CBF020AB-F9FC-43AF-BBA2-A2A111669826}.Ad-Hoc|x86.Build.0 = Ad-Hoc|iPhone
		{CBF020AB-F9FC-43AF-BBA2-A2A111669826}.Ad-Hoc|x86.Deploy.0 = Ad-Hoc|iPhone
		{CBF020AB-F9FC-43AF-BBA2-A2A111669826}.AppStore|Any CPU.ActiveCfg = AppStore|iPhone
		{CBF020AB-F9FC-43AF-BBA2-A2A111669826}.AppStore|Any CPU.Build.0 = AppStore|iPhone
		{CBF020AB-F9FC-43AF-BBA2-A2A111669826}.AppStore|Any CPU.Deploy.0 = AppStore|iPhone
		{CBF020AB-F9FC-43AF-BBA2-A2A111669826}.AppStore|ARM.ActiveCfg = AppStore|iPhone
		{CBF020AB-F9FC-43AF-BBA2-A2A111669826}.AppStore|ARM.Build.0 = AppStore|iPhone
		{CBF020AB-F9FC-43AF-BBA2-A2A111669826}.AppStore|ARM.Deploy.0 = AppStore|iPhone
		{CBF020AB-F9FC-43AF-BBA2-A2A111669826}.AppStore|iPhone.ActiveCfg = AppStore|iPhone
		{CBF020AB-F9FC-43AF-BBA2-A2A111669826}.AppStore|iPhone.Build.0 = AppStore|iPhone
		{CBF020AB-F9FC-43AF-BBA2-A2A111669826}.AppStore|iPhone.Deploy.0 = AppStore|iPhone
		{CBF020AB-F9FC-43AF-BBA2-A2A111669826}.AppStore|iPhoneSimulator.ActiveCfg = AppStore|iPhoneSimulator
		{CBF020AB-F9FC-43AF-BBA2-A2A111669826}.AppStore|iPhoneSimulator.Build.0 = AppStore|iPhoneSimulator
		{CBF020AB-F9FC-43AF-BBA2-A2A111669826}.AppStore|iPhoneSimulator.Deploy.0 = AppStore|iPhoneSimulator
		{CBF020AB-F9FC-43AF-BBA2-A2A111669826}.AppStore|x64.ActiveCfg = AppStore|iPhone
		{CBF020AB-F9FC-43AF-BBA2-A2A111669826}.AppStore|x64.Build.0 = AppStore|iPhone
		{CBF020AB-F9FC-43AF-BBA2-A2A111669826}.AppStore|x64.Deploy.0 = AppStore|iPhone
		{CBF020AB-F9FC-43AF-BBA2-A2A111669826}.AppStore|x86.ActiveCfg = AppStore|iPhone
		{CBF020AB-F9FC-43AF-BBA2-A2A111669826}.AppStore|x86.Build.0 = AppStore|iPhone
		{CBF020AB-F9FC-43AF-BBA2-A2A111669826}.AppStore|x86.Deploy.0 = AppStore|iPhone
		{CBF020AB-F9FC-43AF-BBA2-A2A111669826}.Debug|Any CPU.ActiveCfg = Debug|iPhoneSimulator
		{CBF020AB-F9FC-43AF-BBA2-A2A111669826}.Debug|Any CPU.Build.0 = Debug|iPhoneSimulator
		{CBF020AB-F9FC-43AF-BBA2-A2A111669826}.Debug|Any CPU.Deploy.0 = Debug|iPhoneSimulator
		{CBF020AB-F9FC-43AF-BBA2-A2A111669826}.Debug|ARM.ActiveCfg = Debug|iPhone
		{CBF020AB-F9FC-43AF-BBA2-A2A111669826}.Debug|ARM.Build.0 = Debug|iPhone
		{CBF020AB-F9FC-43AF-BBA2-A2A111669826}.Debug|ARM.Deploy.0 = Debug|iPhone
		{CBF020AB-F9FC-43AF-BBA2-A2A111669826}.Debug|iPhone.ActiveCfg = Debug|iPhone
		{CBF020AB-F9FC-43AF-BBA2-A2A111669826}.Debug|iPhone.Build.0 = Debug|iPhone
		{CBF020AB-F9FC-43AF-BBA2-A2A111669826}.Debug|iPhone.Deploy.0 = Debug|iPhone
		{CBF020AB-F9FC-43AF-BBA2-A2A111669826}.Debug|iPhoneSimulator.ActiveCfg = Debug|iPhoneSimulator
		{CBF020AB-F9FC-43AF-BBA2-A2A111669826}.Debug|iPhoneSimulator.Build.0 = Debug|iPhoneSimulator
		{CBF020AB-F9FC-43AF-BBA2-A2A111669826}.Debug|iPhoneSimulator.Deploy.0 = Debug|iPhoneSimulator
		{CBF020AB-F9FC-43AF-BBA2-A2A111669826}.Debug|x64.ActiveCfg = Debug|iPhone
		{CBF020AB-F9FC-43AF-BBA2-A2A111669826}.Debug|x64.Build.0 = Debug|iPhone
		{CBF020AB-F9FC-43AF-BBA2-A2A111669826}.Debug|x64.Deploy.0 = Debug|iPhone
		{CBF020AB-F9FC-43AF-BBA2-A2A111669826}.Debug|x86.ActiveCfg = Debug|iPhone
		{CBF020AB-F9FC-43AF-BBA2-A2A111669826}.Debug|x86.Build.0 = Debug|iPhone
		{CBF020AB-F9FC-43AF-BBA2-A2A111669826}.Debug|x86.Deploy.0 = Debug|iPhone
		{CBF020AB-F9FC-43AF-BBA2-A2A111669826}.Release|Any CPU.ActiveCfg = Release|iPhone
		{CBF020AB-F9FC-43AF-BBA2-A2A111669826}.Release|Any CPU.Build.0 = Release|iPhone
		{CBF020AB-F9FC-43AF-BBA2-A2A111669826}.Release|Any CPU.Deploy.0 = Release|iPhone
		{CBF020AB-F9FC-43AF-BBA2-A2A111669826}.Release|ARM.ActiveCfg = Release|iPhone
		{CBF020AB-F9FC-43AF-BBA2-A2A111669826}.Release|ARM.Build.0 = Release|iPhone
		{CBF020AB-F9FC-43AF-BBA2-A2A111669826}.Release|ARM.Deploy.0 = Release|iPhone
		{CBF020AB-F9FC-43AF-BBA2-A2A111669826}.Release|iPhone.ActiveCfg = Release|iPhone
		{CBF020AB-F9FC-43AF-BBA2-A2A111669826}.Release|iPhone.Build.0 = Release|iPhone
		{CBF020AB-F9FC-43AF-BBA2-A2A111669826}.Release|iPhone.Deploy.0 = Release|iPhone
		{CBF020AB-F9FC-43AF-BBA2-A2A111669826}.Release|iPhoneSimulator.ActiveCfg = Release|iPhoneSimulator
		{CBF020AB-F9FC-43AF-BBA2-A2A111669826}.Release|iPhoneSimulator.Build.0 = Release|iPhoneSimulator
		{CBF020AB-F9FC-43AF-BBA2-A2A111669826}.Release|iPhoneSimulator.Deploy.0 = Release|iPhoneSimulator
		{CBF020AB-F9FC-43AF-BBA2-A2A111669826}.Release|x64.ActiveCfg = Release|iPhone
		{CBF020AB-F9FC-43AF-BBA2-A2A111669826}.Release|x64.Build.0 = Release|iPhone
		{CBF020AB-F9FC-43AF-BBA2-A2A111669826}.Release|x64.Deploy.0 = Release|iPhone
		{CBF020AB-F9FC-43AF-BBA2-A2A111669826}.Release|x86.ActiveCfg = Release|iPhone
		{CBF020AB-F9FC-43AF-BBA2-A2A111669826}.Release|x86.Build.0 = Release|iPhone
		{CBF020AB-F9FC-43AF-BBA2-A2A111669826}.Release|x86.Deploy.0 = Release|iPhone
		{76535050-920F-4398-8363-BE0CE3D9C626}.Ad-Hoc|Any CPU.ActiveCfg = Release|x86
		{76535050-920F-4398-8363-BE0CE3D9C626}.Ad-Hoc|Any CPU.Build.0 = Release|x86
		{76535050-920F-4398-8363-BE0CE3D9C626}.Ad-Hoc|Any CPU.Deploy.0 = Release|x86
		{76535050-920F-4398-8363-BE0CE3D9C626}.Ad-Hoc|ARM.ActiveCfg = Release|ARM
		{76535050-920F-4398-8363-BE0CE3D9C626}.Ad-Hoc|ARM.Build.0 = Release|ARM
		{76535050-920F-4398-8363-BE0CE3D9C626}.Ad-Hoc|ARM.Deploy.0 = Release|ARM
		{76535050-920F-4398-8363-BE0CE3D9C626}.Ad-Hoc|iPhone.ActiveCfg = Release|x86
		{76535050-920F-4398-8363-BE0CE3D9C626}.Ad-Hoc|iPhone.Build.0 = Release|x86
		{76535050-920F-4398-8363-BE0CE3D9C626}.Ad-Hoc|iPhone.Deploy.0 = Release|x86
		{76535050-920F-4398-8363-BE0CE3D9C626}.Ad-Hoc|iPhoneSimulator.ActiveCfg = Release|x86
		{76535050-920F-4398-8363-BE0CE3D9C626}.Ad-Hoc|iPhoneSimulator.Build.0 = Release|x86
		{76535050-920F-4398-8363-BE0CE3D9C626}.Ad-Hoc|iPhoneSimulator.Deploy.0 = Release|x86
		{76535050-920F-4398-8363-BE0CE3D9C626}.Ad-Hoc|x64.ActiveCfg = Release|x64
		{76535050-920F-4398-8363-BE0CE3D9C626}.Ad-Hoc|x64.Build.0 = Release|x64
		{76535050-920F-4398-8363-BE0CE3D9C626}.Ad-Hoc|x64.Deploy.0 = Release|x64
		{76535050-920F-4398-8363-BE0CE3D9C626}.Ad-Hoc|x86.ActiveCfg = Release|x86
		{76535050-920F-4398-8363-BE0CE3D9C626}.Ad-Hoc|x86.Build.0 = Release|x86
		{76535050-920F-4398-8363-BE0CE3D9C626}.Ad-Hoc|x86.Deploy.0 = Release|x86
		{76535050-920F-4398-8363-BE0CE3D9C626}.AppStore|Any CPU.ActiveCfg = Release|x86
		{76535050-920F-4398-8363-BE0CE3D9C626}.AppStore|Any CPU.Build.0 = Release|x86
		{76535050-920F-4398-8363-BE0CE3D9C626}.AppStore|Any CPU.Deploy.0 = Release|x86
		{76535050-920F-4398-8363-BE0CE3D9C626}.AppStore|ARM.ActiveCfg = Release|ARM
		{76535050-920F-4398-8363-BE0CE3D9C626}.AppStore|ARM.Build.0 = Release|ARM
		{76535050-920F-4398-8363-BE0CE3D9C626}.AppStore|ARM.Deploy.0 = Release|ARM
		{76535050-920F-4398-8363-BE0CE3D9C626}.AppStore|iPhone.ActiveCfg = Release|x86
		{76535050-920F-4398-8363-BE0CE3D9C626}.AppStore|iPhone.Build.0 = Release|x86
		{76535050-920F-4398-8363-BE0CE3D9C626}.AppStore|iPhone.Deploy.0 = Release|x86
		{76535050-920F-4398-8363-BE0CE3D9C626}.AppStore|iPhoneSimulator.ActiveCfg = Release|x86
		{76535050-920F-4398-8363-BE0CE3D9C626}.AppStore|iPhoneSimulator.Build.0 = Release|x86
		{76535050-920F-4398-8363-BE0CE3D9C626}.AppStore|iPhoneSimulator.Deploy.0 = Release|x86
		{76535050-920F-4398-8363-BE0CE3D9C626}.AppStore|x64.ActiveCfg = Release|x64
		{76535050-920F-4398-8363-BE0CE3D9C626}.AppStore|x64.Build.0 = Release|x64
		{76535050-920F-4398-8363-BE0CE3D9C626}.AppStore|x64.Deploy.0 = Release|x64
		{76535050-920F-4398-8363-BE0CE3D9C626}.AppStore|x86.ActiveCfg = Release|x86
		{76535050-920F-4398-8363-BE0CE3D9C626}.AppStore|x86.Build.0 = Release|x86
		{76535050-920F-4398-8363-BE0CE3D9C626}.AppStore|x86.Deploy.0 = Release|x86
		{76535050-920F-4398-8363-BE0CE3D9C626}.Debug|Any CPU.ActiveCfg = Debug|x86
		{76535050-920F-4398-8363-BE0CE3D9C626}.Debug|Any CPU.Build.0 = Debug|x86
		{76535050-920F-4398-8363-BE0CE3D9C626}.Debug|Any CPU.Deploy.0 = Debug|x86
		{76535050-920F-4398-8363-BE0CE3D9C626}.Debug|ARM.ActiveCfg = Debug|ARM
		{76535050-920F-4398-8363-BE0CE3D9C626}.Debug|ARM.Build.0 = Debug|ARM
		{76535050-920F-4398-8363-BE0CE3D9C626}.Debug|ARM.Deploy.0 = Debug|ARM
		{76535050-920F-4398-8363-BE0CE3D9C626}.Debug|iPhone.ActiveCfg = Debug|x86
		{76535050-920F-4398-8363-BE0CE3D9C626}.Debug|iPhone.Build.0 = Debug|x86
		{76535050-920F-4398-8363-BE0CE3D9C626}.Debug|iPhone.Deploy.0 = Debug|x86
		{76535050-920F-4398-8363-BE0CE3D9C626}.Debug|iPhoneSimulator.ActiveCfg = Debug|x86
		{76535050-920F-4398-8363-BE0CE3D9C626}.Debug|iPhoneSimulator.Build.0 = Debug|x86
		{76535050-920F-4398-8363-BE0CE3D9C626}.Debug|iPhoneSimulator.Deploy.0 = Debug|x86
		{76535050-920F-4398-8363-BE0CE3D9C626}.Debug|x64.ActiveCfg = Debug|x64
		{76535050-920F-4398-8363-BE0CE3D9C626}.Debug|x64.Build.0 = Debug|x64
		{76535050-920F-4398-8363-BE0CE3D9C626}.Debug|x64.Deploy.0 = Debug|x64
		{76535050-920F-4398-8363-BE0CE3D9C626}.Debug|x86.ActiveCfg = Debug|x86
		{76535050-920F-4398-8363-BE0CE3D9C626}.Debug|x86.Build.0 = Debug|x86
		{76535050-920F-4398-8363-BE0CE3D9C626}.Debug|x86.Deploy.0 = Debug|x86
		{76535050-920F-4398-8363-BE0CE3D9C626}.Release|Any CPU.ActiveCfg = Release|x86
		{76535050-920F-4398-8363-BE0CE3D9C626}.Release|Any CPU.Build.0 = Release|x86
		{76535050-920F-4398-8363-BE0CE3D9C626}.Release|Any CPU.Deploy.0 = Release|x86
		{76535050-920F-4398-8363-BE0CE3D9C626}.Release|ARM.ActiveCfg = Release|ARM
		{76535050-920F-4398-8363-BE0CE3D9C626}.Release|ARM.Build.0 = Release|ARM
		{76535050-920F-4398-8363-BE0CE3D9C626}.Release|ARM.Deploy.0 = Release|ARM
		{76535050-920F-4398-8363-BE0CE3D9C626}.Release|iPhone.ActiveCfg = Release|x86
		{76535050-920F-4398-8363-BE0CE3D9C626}.Release|iPhone.Build.0 = Release|x86
		{76535050-920F-4398-8363-BE0CE3D9C626}.Release|iPhone.Deploy.0 = Release|x86
		{76535050-920F-4398-8363-BE0CE3D9C626}.Release|iPhoneSimulator.ActiveCfg = Release|x86
		{76535050-920F-4398-8363-BE0CE3D9C626}.Release|iPhoneSimulator.Build.0 = Release|x86
		{76535050-920F-4398-8363-BE0CE3D9C626}.Release|iPhoneSimulator.Deploy.0 = Release|x86
		{76535050-920F-4398-8363-BE0CE3D9C626}.Release|x64.ActiveCfg = Release|x64
		{76535050-920F-4398-8363-BE0CE3D9C626}.Release|x64.Build.0 = Release|x64
		{76535050-920F-4398-8363-BE0CE3D9C626}.Release|x64.Deploy.0 = Release|x64
		{76535050-920F-4398-8363-BE0CE3D9C626}.Release|x86.ActiveCfg = Release|x86
		{76535050-920F-4398-8363-BE0CE3D9C626}.Release|x86.Build.0 = Release|x86
		{76535050-920F-4398-8363-BE0CE3D9C626}.Release|x86.Deploy.0 = Release|x86
		{BC1EB64F-1737-47AE-AA1B-510EF4C64D27}.Ad-Hoc|Any CPU.ActiveCfg = Debug|Any CPU
		{BC1EB64F-1737-47AE-AA1B-510EF4C64D27}.Ad-Hoc|Any CPU.Build.0 = Debug|Any CPU
		{BC1EB64F-1737-47AE-AA1B-510EF4C64D27}.Ad-Hoc|Any CPU.Deploy.0 = Debug|Any CPU
		{BC1EB64F-1737-47AE-AA1B-510EF4C64D27}.Ad-Hoc|ARM.ActiveCfg = Debug|Any CPU
		{BC1EB64F-1737-47AE-AA1B-510EF4C64D27}.Ad-Hoc|ARM.Build.0 = Debug|Any CPU
		{BC1EB64F-1737-47AE-AA1B-510EF4C64D27}.Ad-Hoc|ARM.Deploy.0 = Debug|Any CPU
		{BC1EB64F-1737-47AE-AA1B-510EF4C64D27}.Ad-Hoc|iPhone.ActiveCfg = Debug|Any CPU
		{BC1EB64F-1737-47AE-AA1B-510EF4C64D27}.Ad-Hoc|iPhone.Build.0 = Debug|Any CPU
		{BC1EB64F-1737-47AE-AA1B-510EF4C64D27}.Ad-Hoc|iPhone.Deploy.0 = Debug|Any CPU
		{BC1EB64F-1737-47AE-AA1B-510EF4C64D27}.Ad-Hoc|iPhoneSimulator.ActiveCfg = Debug|Any CPU
		{BC1EB64F-1737-47AE-AA1B-510EF4C64D27}.Ad-Hoc|iPhoneSimulator.Build.0 = Debug|Any CPU
		{BC1EB64F-1737-47AE-AA1B-510EF4C64D27}.Ad-Hoc|iPhoneSimulator.Deploy.0 = Debug|Any CPU
		{BC1EB64F-1737-47AE-AA1B-510EF4C64D27}.Ad-Hoc|x64.ActiveCfg = Debug|Any CPU
		{BC1EB64F-1737-47AE-AA1B-510EF4C64D27}.Ad-Hoc|x64.Build.0 = Debug|Any CPU
		{BC1EB64F-1737-47AE-AA1B-510EF4C64D27}.Ad-Hoc|x64.Deploy.0 = Debug|Any CPU
		{BC1EB64F-1737-47AE-AA1B-510EF4C64D27}.Ad-Hoc|x86.ActiveCfg = Debug|Any CPU
		{BC1EB64F-1737-47AE-AA1B-510EF4C64D27}.Ad-Hoc|x86.Build.0 = Debug|Any CPU
		{BC1EB64F-1737-47AE-AA1B-510EF4C64D27}.Ad-Hoc|x86.Deploy.0 = Debug|Any CPU
		{BC1EB64F-1737-47AE-AA1B-510EF4C64D27}.AppStore|Any CPU.ActiveCfg = Debug|Any CPU
		{BC1EB64F-1737-47AE-AA1B-510EF4C64D27}.AppStore|Any CPU.Build.0 = Debug|Any CPU
		{BC1EB64F-1737-47AE-AA1B-510EF4C64D27}.AppStore|Any CPU.Deploy.0 = Debug|Any CPU
		{BC1EB64F-1737-47AE-AA1B-510EF4C64D27}.AppStore|ARM.ActiveCfg = Debug|Any CPU
		{BC1EB64F-1737-47AE-AA1B-510EF4C64D27}.AppStore|ARM.Build.0 = Debug|Any CPU
		{BC1EB64F-1737-47AE-AA1B-510EF4C64D27}.AppStore|ARM.Deploy.0 = Debug|Any CPU
		{BC1EB64F-1737-47AE-AA1B-510EF4C64D27}.AppStore|iPhone.ActiveCfg = Debug|Any CPU
		{BC1EB64F-1737-47AE-AA1B-510EF4C64D27}.AppStore|iPhone.Build.0 = Debug|Any CPU
		{BC1EB64F-1737-47AE-AA1B-510EF4C64D27}.AppStore|iPhone.Deploy.0 = Debug|Any CPU
		{BC1EB64F-1737-47AE-AA1B-510EF4C64D27}.AppStore|iPhoneSimulator.ActiveCfg = Debug|Any CPU
		{BC1EB64F-1737-47AE-AA1B-510EF4C64D27}.AppStore|iPhoneSimulator.Build.0 = Debug|Any CPU
		{BC1EB64F-1737-47AE-AA1B-510EF4C64D27}.AppStore|iPhoneSimulator.Deploy.0 = Debug|Any CPU
		{BC1EB64F-1737-47AE-AA1B-510EF4C64D27}.AppStore|x64.ActiveCfg = Debug|Any CPU
		{BC1EB64F-1737-47AE-AA1B-510EF4C64D27}.AppStore|x64.Build.0 = Debug|Any CPU
		{BC1EB64F-1737-47AE-AA1B-510EF4C64D27}.AppStore|x64.Deploy.0 = Debug|Any CPU
		{BC1EB64F-1737-47AE-AA1B-510EF4C64D27}.AppStore|x86.ActiveCfg = Debug|Any CPU
		{BC1EB64F-1737-47AE-AA1B-510EF4C64D27}.AppStore|x86.Build.0 = Debug|Any CPU
		{BC1EB64F-1737-47AE-AA1B-510EF4C64D27}.AppStore|x86.Deploy.0 = Debug|Any CPU
		{BC1EB64F-1737-47AE-AA1B-510EF4C64D27}.Debug|Any CPU.ActiveCfg = Debug|Any CPU
		{BC1EB64F-1737-47AE-AA1B-510EF4C64D27}.Debug|Any CPU.Build.0 = Debug|Any CPU
		{BC1EB64F-1737-47AE-AA1B-510EF4C64D27}.Debug|Any CPU.Deploy.0 = Debug|Any CPU
		{BC1EB64F-1737-47AE-AA1B-510EF4C64D27}.Debug|ARM.ActiveCfg = Debug|Any CPU
		{BC1EB64F-1737-47AE-AA1B-510EF4C64D27}.Debug|ARM.Build.0 = Debug|Any CPU
		{BC1EB64F-1737-47AE-AA1B-510EF4C64D27}.Debug|ARM.Deploy.0 = Debug|Any CPU
		{BC1EB64F-1737-47AE-AA1B-510EF4C64D27}.Debug|iPhone.ActiveCfg = Debug|Any CPU
		{BC1EB64F-1737-47AE-AA1B-510EF4C64D27}.Debug|iPhone.Build.0 = Debug|Any CPU
		{BC1EB64F-1737-47AE-AA1B-510EF4C64D27}.Debug|iPhone.Deploy.0 = Debug|Any CPU
		{BC1EB64F-1737-47AE-AA1B-510EF4C64D27}.Debug|iPhoneSimulator.ActiveCfg = Debug|Any CPU
		{BC1EB64F-1737-47AE-AA1B-510EF4C64D27}.Debug|iPhoneSimulator.Build.0 = Debug|Any CPU
		{BC1EB64F-1737-47AE-AA1B-510EF4C64D27}.Debug|iPhoneSimulator.Deploy.0 = Debug|Any CPU
		{BC1EB64F-1737-47AE-AA1B-510EF4C64D27}.Debug|x64.ActiveCfg = Debug|Any CPU
		{BC1EB64F-1737-47AE-AA1B-510EF4C64D27}.Debug|x64.Build.0 = Debug|Any CPU
		{BC1EB64F-1737-47AE-AA1B-510EF4C64D27}.Debug|x64.Deploy.0 = Debug|Any CPU
		{BC1EB64F-1737-47AE-AA1B-510EF4C64D27}.Debug|x86.ActiveCfg = Debug|Any CPU
		{BC1EB64F-1737-47AE-AA1B-510EF4C64D27}.Debug|x86.Build.0 = Debug|Any CPU
		{BC1EB64F-1737-47AE-AA1B-510EF4C64D27}.Debug|x86.Deploy.0 = Debug|Any CPU
		{BC1EB64F-1737-47AE-AA1B-510EF4C64D27}.Release|Any CPU.ActiveCfg = Release|Any CPU
		{BC1EB64F-1737-47AE-AA1B-510EF4C64D27}.Release|Any CPU.Build.0 = Release|Any CPU
		{BC1EB64F-1737-47AE-AA1B-510EF4C64D27}.Release|Any CPU.Deploy.0 = Release|Any CPU
		{BC1EB64F-1737-47AE-AA1B-510EF4C64D27}.Release|ARM.ActiveCfg = Release|Any CPU
		{BC1EB64F-1737-47AE-AA1B-510EF4C64D27}.Release|ARM.Build.0 = Release|Any CPU
		{BC1EB64F-1737-47AE-AA1B-510EF4C64D27}.Release|ARM.Deploy.0 = Release|Any CPU
		{BC1EB64F-1737-47AE-AA1B-510EF4C64D27}.Release|iPhone.ActiveCfg = Release|Any CPU
		{BC1EB64F-1737-47AE-AA1B-510EF4C64D27}.Release|iPhone.Build.0 = Release|Any CPU
		{BC1EB64F-1737-47AE-AA1B-510EF4C64D27}.Release|iPhone.Deploy.0 = Release|Any CPU
		{BC1EB64F-1737-47AE-AA1B-510EF4C64D27}.Release|iPhoneSimulator.ActiveCfg = Release|Any CPU
		{BC1EB64F-1737-47AE-AA1B-510EF4C64D27}.Release|iPhoneSimulator.Build.0 = Release|Any CPU
		{BC1EB64F-1737-47AE-AA1B-510EF4C64D27}.Release|iPhoneSimulator.Deploy.0 = Release|Any CPU
		{BC1EB64F-1737-47AE-AA1B-510EF4C64D27}.Release|x64.ActiveCfg = Release|Any CPU
		{BC1EB64F-1737-47AE-AA1B-510EF4C64D27}.Release|x64.Build.0 = Release|Any CPU
		{BC1EB64F-1737-47AE-AA1B-510EF4C64D27}.Release|x64.Deploy.0 = Release|Any CPU
		{BC1EB64F-1737-47AE-AA1B-510EF4C64D27}.Release|x86.ActiveCfg = Release|Any CPU
		{BC1EB64F-1737-47AE-AA1B-510EF4C64D27}.Release|x86.Build.0 = Release|Any CPU
		{BC1EB64F-1737-47AE-AA1B-510EF4C64D27}.Release|x86.Deploy.0 = Release|Any CPU
	EndGlobalSection
	GlobalSection(SolutionProperties) = preSolution
		HideSolutionNode = FALSE
	EndGlobalSection
	GlobalSection(ExtensibilityGlobals) = postSolution
		SolutionGuid = {405163F9-B8FE-4379-BCE2-1CC8A313CB85}
	EndGlobalSection
EndGlobal
